// !$*UTF8*$!
{
	archiveVersion = 1;
	classes = {
	};
	objectVersion = 56;
	objects = {

/* Begin PBXBuildFile section */
		7A80C7902A018AB7000E0E51 /* HomeTableView.swift in Sources */ = {isa = PBXBuildFile; fileRef = 7A80C78F2A018AB7000E0E51 /* HomeTableView.swift */; };
		7A80C7922A018AC8000E0E51 /* SongViewController.swift in Sources */ = {isa = PBXBuildFile; fileRef = 7A80C7912A018AC8000E0E51 /* SongViewController.swift */; };
		7A80C7942A018ADD000E0E51 /* ResultsViewController.swift in Sources */ = {isa = PBXBuildFile; fileRef = 7A80C7932A018ADD000E0E51 /* ResultsViewController.swift */; };
		8D34672629D339400032EECF /* AppDelegate.swift in Sources */ = {isa = PBXBuildFile; fileRef = 8D34672529D339400032EECF /* AppDelegate.swift */; };
		8D34672829D339400032EECF /* SceneDelegate.swift in Sources */ = {isa = PBXBuildFile; fileRef = 8D34672729D339400032EECF /* SceneDelegate.swift */; };
		8D34672A29D339400032EECF /* MovieViewController.swift in Sources */ = {isa = PBXBuildFile; fileRef = 8D34672929D339400032EECF /* MovieViewController.swift */; };
		8D34672D29D339400032EECF /* Main.storyboard in Resources */ = {isa = PBXBuildFile; fileRef = 8D34672B29D339400032EECF /* Main.storyboard */; };
		8D34672F29D339420032EECF /* Assets.xcassets in Resources */ = {isa = PBXBuildFile; fileRef = 8D34672E29D339420032EECF /* Assets.xcassets */; };
		8D34673229D339420032EECF /* LaunchScreen.storyboard in Resources */ = {isa = PBXBuildFile; fileRef = 8D34673029D339420032EECF /* LaunchScreen.storyboard */; };
		DC6DA9292A01E3E700A0FDF8 /* mockdata.swift in Sources */ = {isa = PBXBuildFile; fileRef = DC6DA9282A01E3E700A0FDF8 /* mockdata.swift */; };
		DC6DA92D2A02021400A0FDF8 /* SongCell.swift in Sources */ = {isa = PBXBuildFile; fileRef = DC6DA92C2A02021400A0FDF8 /* SongCell.swift */; };
		DC6DA92F2A02023C00A0FDF8 /* Track.swift in Sources */ = {isa = PBXBuildFile; fileRef = DC6DA92E2A02023B00A0FDF8 /* Track.swift */; };
/* End PBXBuildFile section */

/* Begin PBXFileReference section */
		7A80C78F2A018AB7000E0E51 /* HomeTableView.swift */ = {isa = PBXFileReference; lastKnownFileType = sourcecode.swift; path = HomeTableView.swift; sourceTree = "<group>"; };
		7A80C7912A018AC8000E0E51 /* SongViewController.swift */ = {isa = PBXFileReference; lastKnownFileType = sourcecode.swift; path = SongViewController.swift; sourceTree = "<group>"; };
		7A80C7932A018ADD000E0E51 /* ResultsViewController.swift */ = {isa = PBXFileReference; lastKnownFileType = sourcecode.swift; path = ResultsViewController.swift; sourceTree = "<group>"; };
		8D34672229D339400032EECF /* Trovie.app */ = {isa = PBXFileReference; explicitFileType = wrapper.application; includeInIndex = 0; path = Trovie.app; sourceTree = BUILT_PRODUCTS_DIR; };
		8D34672529D339400032EECF /* AppDelegate.swift */ = {isa = PBXFileReference; lastKnownFileType = sourcecode.swift; path = AppDelegate.swift; sourceTree = "<group>"; };
		8D34672729D339400032EECF /* SceneDelegate.swift */ = {isa = PBXFileReference; lastKnownFileType = sourcecode.swift; path = SceneDelegate.swift; sourceTree = "<group>"; };
		8D34672929D339400032EECF /* MovieViewController.swift */ = {isa = PBXFileReference; lastKnownFileType = sourcecode.swift; path = MovieViewController.swift; sourceTree = "<group>"; };
		8D34672C29D339400032EECF /* Base */ = {isa = PBXFileReference; lastKnownFileType = file.storyboard; name = Base; path = Base.lproj/Main.storyboard; sourceTree = "<group>"; };
		8D34672E29D339420032EECF /* Assets.xcassets */ = {isa = PBXFileReference; lastKnownFileType = folder.assetcatalog; path = Assets.xcassets; sourceTree = "<group>"; };
		8D34673129D339420032EECF /* Base */ = {isa = PBXFileReference; lastKnownFileType = file.storyboard; name = Base; path = Base.lproj/LaunchScreen.storyboard; sourceTree = "<group>"; };
		8D34673329D339420032EECF /* Info.plist */ = {isa = PBXFileReference; lastKnownFileType = text.plist.xml; path = Info.plist; sourceTree = "<group>"; };
		DC6DA9282A01E3E700A0FDF8 /* mockdata.swift */ = {isa = PBXFileReference; lastKnownFileType = sourcecode.swift; path = mockdata.swift; sourceTree = "<group>"; };
		DC6DA92C2A02021400A0FDF8 /* SongCell.swift */ = {isa = PBXFileReference; lastKnownFileType = sourcecode.swift; path = SongCell.swift; sourceTree = "<group>"; };
		DC6DA92E2A02023B00A0FDF8 /* Track.swift */ = {isa = PBXFileReference; lastKnownFileType = sourcecode.swift; path = Track.swift; sourceTree = "<group>"; };
/* End PBXFileReference section */

/* Begin PBXFrameworksBuildPhase section */
		8D34671F29D339400032EECF /* Frameworks */ = {
			isa = PBXFrameworksBuildPhase;
			buildActionMask = 2147483647;
			files = (
			);
			runOnlyForDeploymentPostprocessing = 0;
		};
/* End PBXFrameworksBuildPhase section */

/* Begin PBXGroup section */
		8D34671929D339400032EECF = {
			isa = PBXGroup;
			children = (
				8D34672429D339400032EECF /* Trovie */,
				8D34672329D339400032EECF /* Products */,
			);
			sourceTree = "<group>";
		};
		8D34672329D339400032EECF /* Products */ = {
			isa = PBXGroup;
			children = (
				8D34672229D339400032EECF /* Trovie.app */,
			);
			name = Products;
			sourceTree = "<group>";
		};
		8D34672429D339400032EECF /* Trovie */ = {
			isa = PBXGroup;
			children = (
				8D34672529D339400032EECF /* AppDelegate.swift */,
				8D34672729D339400032EECF /* SceneDelegate.swift */,
				7A80C78F2A018AB7000E0E51 /* HomeTableView.swift */,
				7A80C7932A018ADD000E0E51 /* ResultsViewController.swift */,
				7A80C7912A018AC8000E0E51 /* SongViewController.swift */,
				8D34672929D339400032EECF /* MovieViewController.swift */,
				DC6DA92C2A02021400A0FDF8 /* SongCell.swift */,
				DC6DA9282A01E3E700A0FDF8 /* mockdata.swift */,
				DC6DA92E2A02023B00A0FDF8 /* Track.swift */,
				8D34672B29D339400032EECF /* Main.storyboard */,
				8D34672E29D339420032EECF /* Assets.xcassets */,
				8D34673029D339420032EECF /* LaunchScreen.storyboard */,
				8D34673329D339420032EECF /* Info.plist */,
			);
			path = Trovie;
			sourceTree = "<group>";
		};
/* End PBXGroup section */

/* Begin PBXNativeTarget section */
		8D34672129D339400032EECF /* Trovie */ = {
			isa = PBXNativeTarget;
			buildConfigurationList = 8D34673629D339420032EECF /* Build configuration list for PBXNativeTarget "Trovie" */;
			buildPhases = (
				8D34671E29D339400032EECF /* Sources */,
				8D34671F29D339400032EECF /* Frameworks */,
				8D34672029D339400032EECF /* Resources */,
			);
			buildRules = (
			);
			dependencies = (
			);
			name = Trovie;
			productName = Trovie;
			productReference = 8D34672229D339400032EECF /* Trovie.app */;
			productType = "com.apple.product-type.application";
		};
/* End PBXNativeTarget section */

/* Begin PBXProject section */
		8D34671A29D339400032EECF /* Project object */ = {
			isa = PBXProject;
			attributes = {
				BuildIndependentTargetsInParallel = 1;
				LastSwiftUpdateCheck = 1420;
				LastUpgradeCheck = 1420;
				TargetAttributes = {
					8D34672129D339400032EECF = {
						CreatedOnToolsVersion = 14.2;
					};
				};
			};
			buildConfigurationList = 8D34671D29D339400032EECF /* Build configuration list for PBXProject "Trovie" */;
			compatibilityVersion = "Xcode 14.0";
			developmentRegion = en;
			hasScannedForEncodings = 0;
			knownRegions = (
				en,
				Base,
			);
			mainGroup = 8D34671929D339400032EECF;
			productRefGroup = 8D34672329D339400032EECF /* Products */;
			projectDirPath = "";
			projectRoot = "";
			targets = (
				8D34672129D339400032EECF /* Trovie */,
			);
		};
/* End PBXProject section */

/* Begin PBXResourcesBuildPhase section */
		8D34672029D339400032EECF /* Resources */ = {
			isa = PBXResourcesBuildPhase;
			buildActionMask = 2147483647;
			files = (
				8D34673229D339420032EECF /* LaunchScreen.storyboard in Resources */,
				8D34672F29D339420032EECF /* Assets.xcassets in Resources */,
				8D34672D29D339400032EECF /* Main.storyboard in Resources */,
			);
			runOnlyForDeploymentPostprocessing = 0;
		};
/* End PBXResourcesBuildPhase section */

/* Begin PBXSourcesBuildPhase section */
		8D34671E29D339400032EECF /* Sources */ = {
			isa = PBXSourcesBuildPhase;
			buildActionMask = 2147483647;
			files = (
				DC6DA92D2A02021400A0FDF8 /* SongCell.swift in Sources */,
				DC6DA9292A01E3E700A0FDF8 /* mockdata.swift in Sources */,
				8D34672A29D339400032EECF /* MovieViewController.swift in Sources */,
				8D34672629D339400032EECF /* AppDelegate.swift in Sources */,
				7A80C7922A018AC8000E0E51 /* SongViewController.swift in Sources */,
				8D34672829D339400032EECF /* SceneDelegate.swift in Sources */,
				DC6DA92F2A02023C00A0FDF8 /* Track.swift in Sources */,
				7A80C7902A018AB7000E0E51 /* HomeTableView.swift in Sources */,
				7A80C7942A018ADD000E0E51 /* ResultsViewController.swift in Sources */,
			);
			runOnlyForDeploymentPostprocessing = 0;
		};
/* End PBXSourcesBuildPhase section */

/* Begin PBXVariantGroup section */
		8D34672B29D339400032EECF /* Main.storyboard */ = {
			isa = PBXVariantGroup;
			children = (
				8D34672C29D339400032EECF /* Base */,
			);
			name = Main.storyboard;
			sourceTree = "<group>";
		};
		8D34673029D339420032EECF /* LaunchScreen.storyboard */ = {
			isa = PBXVariantGroup;
			children = (
				8D34673129D339420032EECF /* Base */,
			);
			name = LaunchScreen.storyboard;
			sourceTree = "<group>";
		};
/* End PBXVariantGroup section */

/* Begin XCBuildConfiguration section */
		8D34673429D339420032EECF /* Debug */ = {
			isa = XCBuildConfiguration;
			buildSettings = {
				ALWAYS_SEARCH_USER_PATHS = NO;
				CLANG_ANALYZER_NONNULL = YES;
				CLANG_ANALYZER_NUMBER_OBJECT_CONVERSION = YES_AGGRESSIVE;
				CLANG_CXX_LANGUAGE_STANDARD = "gnu++20";
				CLANG_ENABLE_MODULES = YES;
				CLANG_ENABLE_OBJC_ARC = YES;
				CLANG_ENABLE_OBJC_WEAK = YES;
				CLANG_WARN_BLOCK_CAPTURE_AUTORELEASING = YES;
				CLANG_WARN_BOOL_CONVERSION = YES;
				CLANG_WARN_COMMA = YES;
				CLANG_WARN_CONSTANT_CONVERSION = YES;
				CLANG_WARN_DEPRECATED_OBJC_IMPLEMENTATIONS = YES;
				CLANG_WARN_DIRECT_OBJC_ISA_USAGE = YES_ERROR;
				CLANG_WARN_DOCUMENTATION_COMMENTS = YES;
				CLANG_WARN_EMPTY_BODY = YES;
				CLANG_WARN_ENUM_CONVERSION = YES;
				CLANG_WARN_INFINITE_RECURSION = YES;
				CLANG_WARN_INT_CONVERSION = YES;
				CLANG_WARN_NON_LITERAL_NULL_CONVERSION = YES;
				CLANG_WARN_OBJC_IMPLICIT_RETAIN_SELF = YES;
				CLANG_WARN_OBJC_LITERAL_CONVERSION = YES;
				CLANG_WARN_OBJC_ROOT_CLASS = YES_ERROR;
				CLANG_WARN_QUOTED_INCLUDE_IN_FRAMEWORK_HEADER = YES;
				CLANG_WARN_RANGE_LOOP_ANALYSIS = YES;
				CLANG_WARN_STRICT_PROTOTYPES = YES;
				CLANG_WARN_SUSPICIOUS_MOVE = YES;
				CLANG_WARN_UNGUARDED_AVAILABILITY = YES_AGGRESSIVE;
				CLANG_WARN_UNREACHABLE_CODE = YES;
				CLANG_WARN__DUPLICATE_METHOD_MATCH = YES;
				COPY_PHASE_STRIP = NO;
				DEBUG_INFORMATION_FORMAT = dwarf;
				ENABLE_STRICT_OBJC_MSGSEND = YES;
				ENABLE_TESTABILITY = YES;
				GCC_C_LANGUAGE_STANDARD = gnu11;
				GCC_DYNAMIC_NO_PIC = NO;
				GCC_NO_COMMON_BLOCKS = YES;
				GCC_OPTIMIZATION_LEVEL = 0;
				GCC_PREPROCESSOR_DEFINITIONS = (
					"DEBUG=1",
					"$(inherited)",
				);
				GCC_WARN_64_TO_32_BIT_CONVERSION = YES;
				GCC_WARN_ABOUT_RETURN_TYPE = YES_ERROR;
				GCC_WARN_UNDECLARED_SELECTOR = YES;
				GCC_WARN_UNINITIALIZED_AUTOS = YES_AGGRESSIVE;
				GCC_WARN_UNUSED_FUNCTION = YES;
				GCC_WARN_UNUSED_VARIABLE = YES;
				IPHONEOS_DEPLOYMENT_TARGET = 16.2;
				MTL_ENABLE_DEBUG_INFO = INCLUDE_SOURCE;
				MTL_FAST_MATH = YES;
				ONLY_ACTIVE_ARCH = YES;
				SDKROOT = iphoneos;
				SWIFT_ACTIVE_COMPILATION_CONDITIONS = DEBUG;
				SWIFT_OPTIMIZATION_LEVEL = "-Onone";
			};
			name = Debug;
		};
		8D34673529D339420032EECF /* Release */ = {
			isa = XCBuildConfiguration;
			buildSettings = {
				ALWAYS_SEARCH_USER_PATHS = NO;
				CLANG_ANALYZER_NONNULL = YES;
				CLANG_ANALYZER_NUMBER_OBJECT_CONVERSION = YES_AGGRESSIVE;
				CLANG_CXX_LANGUAGE_STANDARD = "gnu++20";
				CLANG_ENABLE_MODULES = YES;
				CLANG_ENABLE_OBJC_ARC = YES;
				CLANG_ENABLE_OBJC_WEAK = YES;
				CLANG_WARN_BLOCK_CAPTURE_AUTORELEASING = YES;
				CLANG_WARN_BOOL_CONVERSION = YES;
				CLANG_WARN_COMMA = YES;
				CLANG_WARN_CONSTANT_CONVERSION = YES;
				CLANG_WARN_DEPRECATED_OBJC_IMPLEMENTATIONS = YES;
				CLANG_WARN_DIRECT_OBJC_ISA_USAGE = YES_ERROR;
				CLANG_WARN_DOCUMENTATION_COMMENTS = YES;
				CLANG_WARN_EMPTY_BODY = YES;
				CLANG_WARN_ENUM_CONVERSION = YES;
				CLANG_WARN_INFINITE_RECURSION = YES;
				CLANG_WARN_INT_CONVERSION = YES;
				CLANG_WARN_NON_LITERAL_NULL_CONVERSION = YES;
				CLANG_WARN_OBJC_IMPLICIT_RETAIN_SELF = YES;
				CLANG_WARN_OBJC_LITERAL_CONVERSION = YES;
				CLANG_WARN_OBJC_ROOT_CLASS = YES_ERROR;
				CLANG_WARN_QUOTED_INCLUDE_IN_FRAMEWORK_HEADER = YES;
				CLANG_WARN_RANGE_LOOP_ANALYSIS = YES;
				CLANG_WARN_STRICT_PROTOTYPES = YES;
				CLANG_WARN_SUSPICIOUS_MOVE = YES;
				CLANG_WARN_UNGUARDED_AVAILABILITY = YES_AGGRESSIVE;
				CLANG_WARN_UNREACHABLE_CODE = YES;
				CLANG_WARN__DUPLICATE_METHOD_MATCH = YES;
				COPY_PHASE_STRIP = NO;
				DEBUG_INFORMATION_FORMAT = "dwarf-with-dsym";
				ENABLE_NS_ASSERTIONS = NO;
				ENABLE_STRICT_OBJC_MSGSEND = YES;
				GCC_C_LANGUAGE_STANDARD = gnu11;
				GCC_NO_COMMON_BLOCKS = YES;
				GCC_WARN_64_TO_32_BIT_CONVERSION = YES;
				GCC_WARN_ABOUT_RETURN_TYPE = YES_ERROR;
				GCC_WARN_UNDECLARED_SELECTOR = YES;
				GCC_WARN_UNINITIALIZED_AUTOS = YES_AGGRESSIVE;
				GCC_WARN_UNUSED_FUNCTION = YES;
				GCC_WARN_UNUSED_VARIABLE = YES;
				IPHONEOS_DEPLOYMENT_TARGET = 16.2;
				MTL_ENABLE_DEBUG_INFO = NO;
				MTL_FAST_MATH = YES;
				SDKROOT = iphoneos;
				SWIFT_COMPILATION_MODE = wholemodule;
				SWIFT_OPTIMIZATION_LEVEL = "-O";
				VALIDATE_PRODUCT = YES;
			};
			name = Release;
		};
		8D34673729D339420032EECF /* Debug */ = {
			isa = XCBuildConfiguration;
			buildSettings = {
				ASSETCATALOG_COMPILER_APPICON_NAME = AppIcon;
				ASSETCATALOG_COMPILER_GLOBAL_ACCENT_COLOR_NAME = AccentColor;
				CODE_SIGN_STYLE = Automatic;
				CURRENT_PROJECT_VERSION = 1;
				DEVELOPMENT_TEAM = 58HHW72W8L;
				GENERATE_INFOPLIST_FILE = YES;
				INFOPLIST_FILE = Trovie/Info.plist;
				INFOPLIST_KEY_UIApplicationSupportsIndirectInputEvents = YES;
				INFOPLIST_KEY_UILaunchStoryboardName = LaunchScreen;
				INFOPLIST_KEY_UIMainStoryboardFile = Main;
				INFOPLIST_KEY_UISupportedInterfaceOrientations_iPad = "UIInterfaceOrientationPortrait UIInterfaceOrientationPortraitUpsideDown UIInterfaceOrientationLandscapeLeft UIInterfaceOrientationLandscapeRight";
				INFOPLIST_KEY_UISupportedInterfaceOrientations_iPhone = "UIInterfaceOrientationPortrait UIInterfaceOrientationLandscapeLeft UIInterfaceOrientationLandscapeRight";
				LD_RUNPATH_SEARCH_PATHS = (
					"$(inherited)",
					"@executable_path/Frameworks",
				);
				MARKETING_VERSION = 1.0;
				PRODUCT_BUNDLE_IDENTIFIER = XCode.Trovie;
				PRODUCT_NAME = "$(TARGET_NAME)";
				SWIFT_EMIT_LOC_STRINGS = YES;
				SWIFT_VERSION = 5.0;
				TARGETED_DEVICE_FAMILY = "1,2";
			};
			name = Debug;
		};
		8D34673829D339420032EECF /* Release */ = {
			isa = XCBuildConfiguration;
			buildSettings = {
				ASSETCATALOG_COMPILER_APPICON_NAME = AppIcon;
				ASSETCATALOG_COMPILER_GLOBAL_ACCENT_COLOR_NAME = AccentColor;
				CODE_SIGN_STYLE = Automatic;
				CURRENT_PROJECT_VERSION = 1;
				DEVELOPMENT_TEAM = 58HHW72W8L;
				GENERATE_INFOPLIST_FILE = YES;
				INFOPLIST_FILE = Trovie/Info.plist;
				INFOPLIST_KEY_UIApplicationSupportsIndirectInputEvents = YES;
				INFOPLIST_KEY_UILaunchStoryboardName = LaunchScreen;
				INFOPLIST_KEY_UIMainStoryboardFile = Main;
				INFOPLIST_KEY_UISupportedInterfaceOrientations_iPad = "UIInterfaceOrientationPortrait UIInterfaceOrientationPortraitUpsideDown UIInterfaceOrientationLandscapeLeft UIInterfaceOrientationLandscapeRight";
				INFOPLIST_KEY_UISupportedInterfaceOrientations_iPhone = "UIInterfaceOrientationPortrait UIInterfaceOrientationLandscapeLeft UIInterfaceOrientationLandscapeRight";
				LD_RUNPATH_SEARCH_PATHS = (
					"$(inherited)",
					"@executable_path/Frameworks",
				);
				MARKETING_VERSION = 1.0;
				PRODUCT_BUNDLE_IDENTIFIER = XCode.Trovie;
				PRODUCT_NAME = "$(TARGET_NAME)";
				SWIFT_EMIT_LOC_STRINGS = YES;
				SWIFT_VERSION = 5.0;
				TARGETED_DEVICE_FAMILY = "1,2";
			};
			name = Release;
		};
/* End XCBuildConfiguration section */

/* Begin XCConfigurationList section */
		8D34671D29D339400032EECF /* Build configuration list for PBXProject "Trovie" */ = {
			isa = XCConfigurationList;
			buildConfigurations = (
				8D34673429D339420032EECF /* Debug */,
				8D34673529D339420032EECF /* Release */,
			);
			defaultConfigurationIsVisible = 0;
			defaultConfigurationName = Release;
		};
		8D34673629D339420032EECF /* Build configuration list for PBXNativeTarget "Trovie" */ = {
			isa = XCConfigurationList;
			buildConfigurations = (
				8D34673729D339420032EECF /* Debug */,
				8D34673829D339420032EECF /* Release */,
			);
			defaultConfigurationIsVisible = 0;
			defaultConfigurationName = Release;
		};
/* End XCConfigurationList section */
	};
	rootObject = 8D34671A29D339400032EECF /* Project object */;
}
